
Microsoft Visual Studio Solution File, Format Version 12.00
# Visual Studio Version 17
VisualStudioVersion = 17.5.002.0
MinimumVisualStudioVersion = 10.0.40219.1
Project("{2150E333-8FDC-42A3-9474-1A3956D46DE8}") = "src", "src", "{E3CF8094-3455-46A9-B9D3-FBBCA943E40A}"
EndProject
Project("{9A19103F-16F7-4668-BE54-9A1E7A4F7556}") = "PsDac", "src\PsDac\PsDac.csproj", "{1E0D293B-B68C-401E-988D-4B8CD72F5CB4}"
EndProject
Global
	GlobalSection(SolutionConfigurationPlatforms) = preSolution
		Debug|Any CPU = Debug|Any CPU
		Release|Any CPU = Release|Any CPU
	EndGlobalSection
	GlobalSection(ProjectConfigurationPlatforms) = postSolution
		{1E0D293B-B68C-401E-988D-4B8CD72F5CB4}.Debug|Any CPU.ActiveCfg = Debug|Any CPU
		{1E0D293B-B68C-401E-988D-4B8CD72F5CB4}.Debug|Any CPU.Build.0 = Debug|Any CPU
		{1E0D293B-B68C-401E-988D-4B8CD72F5CB4}.Release|Any CPU.ActiveCfg = Release|Any CPU
		{1E0D293B-B68C-401E-988D-4B8CD72F5CB4}.Release|Any CPU.Build.0 = Release|Any CPU
	EndGlobalSection
	GlobalSection(SolutionProperties) = preSolution
		HideSolutionNode = FALSE
	EndGlobalSection
	GlobalSection(NestedProjects) = preSolution
		{1E0D293B-B68C-401E-988D-4B8CD72F5CB4} = {E3CF8094-3455-46A9-B9D3-FBBCA943E40A}
	EndGlobalSection
	GlobalSection(ExtensibilityGlobals) = postSolution
		SolutionGuid = {2D4E4A93-6CA1-487D-96A9-267F1FF4B072}
	EndGlobalSection
EndGlobal
